
Microsoft Visual Studio Solution File, Format Version 12.00
# Visual Studio Version 17
VisualStudioVersion = 17.2.32516.85
MinimumVisualStudioVersion = 10.0.40219.1
Project("{FAE04EC0-301F-11D3-BF4B-00C04F79EFBC}") = "CCPT2W5_HIITExercises", "CCPT2W5_HIITExercises\CCPT2W5_HIITExercises.csproj", "{9238BAA4-0450-4D3F-BE2F-A8C65360BA7B}"
EndProject
Global
	GlobalSection(SolutionConfigurationPlatforms) = preSolution
		Debug|Any CPU = Debug|Any CPU
		Release|Any CPU = Release|Any CPU
	EndGlobalSection
	GlobalSection(ProjectConfigurationPlatforms) = postSolution
		{9238BAA4-0450-4D3F-BE2F-A8C65360BA7B}.Debug|Any CPU.ActiveCfg = Debug|Any CPU
		{9238BAA4-0450-4D3F-BE2F-A8C65360BA7B}.Debug|Any CPU.Build.0 = Debug|Any CPU
		{9238BAA4-0450-4D3F-BE2F-A8C65360BA7B}.Release|Any CPU.ActiveCfg = Release|Any CPU
		{9238BAA4-0450-4D3F-BE2F-A8C65360BA7B}.Release|Any CPU.Build.0 = Release|Any CPU
	EndGlobalSection
	GlobalSection(SolutionProperties) = preSolution
		HideSolutionNode = FALSE
	EndGlobalSection
	GlobalSection(ExtensibilityGlobals) = postSolution
		SolutionGuid = {BE90B9A6-2EE2-4732-B1E9-76CC4CC91144}
	EndGlobalSection
EndGlobal
