
Microsoft Visual Studio Solution File, Format Version 12.00
# Visual Studio Version 17
VisualStudioVersion = 17.2.32516.85
MinimumVisualStudioVersion = 10.0.40219.1
Project("{FAE04EC0-301F-11D3-BF4B-00C04F79EFBC}") = "MVCExample_TipCalc", "MVCExample_TipCalc\MVCExample_TipCalc.csproj", "{49F20B0B-F6F2-43D0-9AE4-E446A279D90D}"
EndProject
Global
	GlobalSection(SolutionConfigurationPlatforms) = preSolution
		Debug|Any CPU = Debug|Any CPU
		Release|Any CPU = Release|Any CPU
	EndGlobalSection
	GlobalSection(ProjectConfigurationPlatforms) = postSolution
		{49F20B0B-F6F2-43D0-9AE4-E446A279D90D}.Debug|Any CPU.ActiveCfg = Debug|Any CPU
		{49F20B0B-F6F2-43D0-9AE4-E446A279D90D}.Debug|Any CPU.Build.0 = Debug|Any CPU
		{49F20B0B-F6F2-43D0-9AE4-E446A279D90D}.Release|Any CPU.ActiveCfg = Release|Any CPU
		{49F20B0B-F6F2-43D0-9AE4-E446A279D90D}.Release|Any CPU.Build.0 = Release|Any CPU
	EndGlobalSection
	GlobalSection(SolutionProperties) = preSolution
		HideSolutionNode = FALSE
	EndGlobalSection
	GlobalSection(ExtensibilityGlobals) = postSolution
		SolutionGuid = {65C9CE91-BAAD-4441-9DFA-846A3CCEC948}
	EndGlobalSection
EndGlobal
