
Microsoft Visual Studio Solution File, Format Version 12.00
# Visual Studio Version 17
VisualStudioVersion = 17.2.32516.85
MinimumVisualStudioVersion = 10.0.40219.1
Project("{FAE04EC0-301F-11D3-BF4B-00C04F79EFBC}") = "InterfaceAndDI", "InterfaceAndDI\InterfaceAndDI.csproj", "{EA8F41ED-3151-4341-B1C8-7595CE266991}"
EndProject
Global
	GlobalSection(SolutionConfigurationPlatforms) = preSolution
		Debug|Any CPU = Debug|Any CPU
		Release|Any CPU = Release|Any CPU
	EndGlobalSection
	GlobalSection(ProjectConfigurationPlatforms) = postSolution
		{EA8F41ED-3151-4341-B1C8-7595CE266991}.Debug|Any CPU.ActiveCfg = Debug|Any CPU
		{EA8F41ED-3151-4341-B1C8-7595CE266991}.Debug|Any CPU.Build.0 = Debug|Any CPU
		{EA8F41ED-3151-4341-B1C8-7595CE266991}.Release|Any CPU.ActiveCfg = Release|Any CPU
		{EA8F41ED-3151-4341-B1C8-7595CE266991}.Release|Any CPU.Build.0 = Release|Any CPU
	EndGlobalSection
	GlobalSection(SolutionProperties) = preSolution
		HideSolutionNode = FALSE
	EndGlobalSection
	GlobalSection(ExtensibilityGlobals) = postSolution
		SolutionGuid = {B0C5E798-C02E-43B1-B999-490EE2521514}
	EndGlobalSection
EndGlobal
